
Microsoft Visual Studio Solution File, Format Version 12.00
# Visual Studio Version 16
VisualStudioVersion = 16.0.29215.179
MinimumVisualStudioVersion = 10.0.40219.1
Project("{E24C65DC-7377-472B-9ABA-BC803B73C61A}") = "ProjectVersion6", "ProjectVersion6\", "{45AFE20F-4A6E-40B8-8793-6A254D7B0193}"
	ProjectSection(WebsiteProperties) = preProject
		TargetFrameworkMoniker = ".NETFramework,Version%3Dv4.6.1"
		Debug.AspNetCompiler.VirtualPath = "/localhost_54982"
		Debug.AspNetCompiler.PhysicalPath = "ProjectVersion6\"
		Debug.AspNetCompiler.TargetPath = "PrecompiledWeb\localhost_54982\"
		Debug.AspNetCompiler.Updateable = "true"
		Debug.AspNetCompiler.ForceOverwrite = "true"
		Debug.AspNetCompiler.FixedNames = "false"
		Debug.AspNetCompiler.Debug = "True"
		Release.AspNetCompiler.VirtualPath = "/localhost_54982"
		Release.AspNetCompiler.PhysicalPath = "ProjectVersion6\"
		Release.AspNetCompiler.TargetPath = "PrecompiledWeb\localhost_54982\"
		Release.AspNetCompiler.Updateable = "true"
		Release.AspNetCompiler.ForceOverwrite = "true"
		Release.AspNetCompiler.FixedNames = "false"
		Release.AspNetCompiler.Debug = "False"
		VWDPort = "54982"
		SlnRelativePath = "ProjectVersion6\"
		DefaultWebSiteLanguage = "Visual C#"
	EndProjectSection
EndProject
Global
	GlobalSection(SolutionConfigurationPlatforms) = preSolution
		Debug|Any CPU = Debug|Any CPU
	EndGlobalSection
	GlobalSection(ProjectConfigurationPlatforms) = postSolution
		{45AFE20F-4A6E-40B8-8793-6A254D7B0193}.Debug|Any CPU.ActiveCfg = Debug|Any CPU
		{45AFE20F-4A6E-40B8-8793-6A254D7B0193}.Debug|Any CPU.Build.0 = Debug|Any CPU
	EndGlobalSection
	GlobalSection(SolutionProperties) = preSolution
		HideSolutionNode = FALSE
	EndGlobalSection
	GlobalSection(ExtensibilityGlobals) = postSolution
		SolutionGuid = {3B13FD76-0F58-4BB8-B32F-23F3C1CEB977}
	EndGlobalSection
EndGlobal
